
Microsoft Visual Studio Solution File, Format Version 12.00
# Visual Studio Version 17
VisualStudioVersion = 17.0.31903.59
MinimumVisualStudioVersion = 10.0.40219.1
Project("{2150E333-8FDC-42A3-9474-1A3956D46DE8}") = "src", "src", "{827E0CD3-B72D-47B6-A68D-7590B98EB39B}"
EndProject
Project("{FAE04EC0-301F-11D3-BF4B-00C04F79EFBC}") = "RPAOtelRezervasyon.Domain", "src\RPAOtelRezervasyon.Domain\RPAOtelRezervasyon.Domain.csproj", "{4A9524D8-745F-4E9C-84A5-E61F1F06F1E6}"
EndProject
Project("{FAE04EC0-301F-11D3-BF4B-00C04F79EFBC}") = "RPAOtelRezervasyon.Application", "src\RPAOtelRezervasyon.Application\RPAOtelRezervasyon.Application.csproj", "{C3D0F678-4CC3-44C7-89DA-97406B1DF40C}"
EndProject
Project("{FAE04EC0-301F-11D3-BF4B-00C04F79EFBC}") = "RPAOtelRezervasyon.Api", "src\RPAOtelRezervasyon.Api\RPAOtelRezervasyon.Api.csproj", "{7A5AE2AF-2903-4C9E-966A-229E04B1711A}"
EndProject
Project("{2150E333-8FDC-42A3-9474-1A3956D46DE8}") = "tests", "tests", "{0AB3BF05-4346-4AA6-1389-037BE0695223}"
EndProject
Project("{FAE04EC0-301F-11D3-BF4B-00C04F79EFBC}") = "RPAOtelRezervasyon.UnitTests", "tests\RPAOtelRezervasyon.UnitTests\RPAOtelRezervasyon.UnitTests.csproj", "{1580BC15-49F9-4FEE-BFD4-3D82A9EAEF37}"
EndProject
Project("{FAE04EC0-301F-11D3-BF4B-00C04F79EFBC}") = "RPAOtelRezervasyon.IntegrationTests", "tests\RPAOtelRezervasyon.IntegrationTests\RPAOtelRezervasyon.IntegrationTests.csproj", "{B281FD74-7B56-42F4-9C47-19259BE568A5}"
EndProject
Project("{FAE04EC0-301F-11D3-BF4B-00C04F79EFBC}") = "RPAOtelRezervasyon.ArchitectureTests", "tests\RPAOtelRezervasyon.ArchitectureTests\RPAOtelRezervasyon.ArchitectureTests.csproj", "{6E670DA3-1265-4E22-9706-B02C1CCF3B37}"
EndProject
Project("{FAE04EC0-301F-11D3-BF4B-00C04F79EFBC}") = "RPAOtelRezervasyon.ProviderTests", "tests\RPAOtelRezervasyon.ProviderTests\RPAOtelRezervasyon.ProviderTests.csproj", "{9ECEF090-90AC-42F0-8CA4-602AC124A6C5}"
EndProject
Project("{FAE04EC0-301F-11D3-BF4B-00C04F79EFBC}") = "RPAOtelRezervasyon.Infrastructure", "src\RPAOtelRezervasyon.Infrastructure\RPAOtelRezervasyon.Infrastructure.csproj", "{9E030BFB-501F-41FB-A4FB-5CE56DD6C329}"
EndProject
Global
	GlobalSection(SolutionConfigurationPlatforms) = preSolution
		Debug|Any CPU = Debug|Any CPU
		Debug|x64 = Debug|x64
		Debug|x86 = Debug|x86
		Release|Any CPU = Release|Any CPU
		Release|x64 = Release|x64
		Release|x86 = Release|x86
	EndGlobalSection
	GlobalSection(ProjectConfigurationPlatforms) = postSolution
		{4A9524D8-745F-4E9C-84A5-E61F1F06F1E6}.Debug|Any CPU.ActiveCfg = Debug|Any CPU
		{4A9524D8-745F-4E9C-84A5-E61F1F06F1E6}.Debug|Any CPU.Build.0 = Debug|Any CPU
		{4A9524D8-745F-4E9C-84A5-E61F1F06F1E6}.Debug|x64.ActiveCfg = Debug|Any CPU
		{4A9524D8-745F-4E9C-84A5-E61F1F06F1E6}.Debug|x64.Build.0 = Debug|Any CPU
		{4A9524D8-745F-4E9C-84A5-E61F1F06F1E6}.Debug|x86.ActiveCfg = Debug|Any CPU
		{4A9524D8-745F-4E9C-84A5-E61F1F06F1E6}.Debug|x86.Build.0 = Debug|Any CPU
		{4A9524D8-745F-4E9C-84A5-E61F1F06F1E6}.Release|Any CPU.ActiveCfg = Release|Any CPU
		{4A9524D8-745F-4E9C-84A5-E61F1F06F1E6}.Release|Any CPU.Build.0 = Release|Any CPU
		{4A9524D8-745F-4E9C-84A5-E61F1F06F1E6}.Release|x64.ActiveCfg = Release|Any CPU
		{4A9524D8-745F-4E9C-84A5-E61F1F06F1E6}.Release|x64.Build.0 = Release|Any CPU
		{4A9524D8-745F-4E9C-84A5-E61F1F06F1E6}.Release|x86.ActiveCfg = Release|Any CPU
		{4A9524D8-745F-4E9C-84A5-E61F1F06F1E6}.Release|x86.Build.0 = Release|Any CPU
		{C3D0F678-4CC3-44C7-89DA-97406B1DF40C}.Debug|Any CPU.ActiveCfg = Debug|Any CPU
		{C3D0F678-4CC3-44C7-89DA-97406B1DF40C}.Debug|Any CPU.Build.0 = Debug|Any CPU
		{C3D0F678-4CC3-44C7-89DA-97406B1DF40C}.Debug|x64.ActiveCfg = Debug|Any CPU
		{C3D0F678-4CC3-44C7-89DA-97406B1DF40C}.Debug|x64.Build.0 = Debug|Any CPU
		{C3D0F678-4CC3-44C7-89DA-97406B1DF40C}.Debug|x86.ActiveCfg = Debug|Any CPU
		{C3D0F678-4CC3-44C7-89DA-97406B1DF40C}.Debug|x86.Build.0 = Debug|Any CPU
		{C3D0F678-4CC3-44C7-89DA-97406B1DF40C}.Release|Any CPU.ActiveCfg = Release|Any CPU
		{C3D0F678-4CC3-44C7-89DA-97406B1DF40C}.Release|Any CPU.Build.0 = Release|Any CPU
		{C3D0F678-4CC3-44C7-89DA-97406B1DF40C}.Release|x64.ActiveCfg = Release|Any CPU
		{C3D0F678-4CC3-44C7-89DA-97406B1DF40C}.Release|x64.Build.0 = Release|Any CPU
		{C3D0F678-4CC3-44C7-89DA-97406B1DF40C}.Release|x86.ActiveCfg = Release|Any CPU
		{C3D0F678-4CC3-44C7-89DA-97406B1DF40C}.Release|x86.Build.0 = Release|Any CPU
		{7A5AE2AF-2903-4C9E-966A-229E04B1711A}.Debug|Any CPU.ActiveCfg = Debug|Any CPU
		{7A5AE2AF-2903-4C9E-966A-229E04B1711A}.Debug|Any CPU.Build.0 = Debug|Any CPU
		{7A5AE2AF-2903-4C9E-966A-229E04B1711A}.Debug|x64.ActiveCfg = Debug|Any CPU
		{7A5AE2AF-2903-4C9E-966A-229E04B1711A}.Debug|x64.Build.0 = Debug|Any CPU
		{7A5AE2AF-2903-4C9E-966A-229E04B1711A}.Debug|x86.ActiveCfg = Debug|Any CPU
		{7A5AE2AF-2903-4C9E-966A-229E04B1711A}.Debug|x86.Build.0 = Debug|Any CPU
		{7A5AE2AF-2903-4C9E-966A-229E04B1711A}.Release|Any CPU.ActiveCfg = Release|Any CPU
		{7A5AE2AF-2903-4C9E-966A-229E04B1711A}.Release|Any CPU.Build.0 = Release|Any CPU
		{7A5AE2AF-2903-4C9E-966A-229E04B1711A}.Release|x64.ActiveCfg = Release|Any CPU
		{7A5AE2AF-2903-4C9E-966A-229E04B1711A}.Release|x64.Build.0 = Release|Any CPU
		{7A5AE2AF-2903-4C9E-966A-229E04B1711A}.Release|x86.ActiveCfg = Release|Any CPU
		{7A5AE2AF-2903-4C9E-966A-229E04B1711A}.Release|x86.Build.0 = Release|Any CPU
		{1580BC15-49F9-4FEE-BFD4-3D82A9EAEF37}.Debug|Any CPU.ActiveCfg = Debug|Any CPU
		{1580BC15-49F9-4FEE-BFD4-3D82A9EAEF37}.Debug|Any CPU.Build.0 = Debug|Any CPU
		{1580BC15-49F9-4FEE-BFD4-3D82A9EAEF37}.Debug|x64.ActiveCfg = Debug|Any CPU
		{1580BC15-49F9-4FEE-BFD4-3D82A9EAEF37}.Debug|x64.Build.0 = Debug|Any CPU
		{1580BC15-49F9-4FEE-BFD4-3D82A9EAEF37}.Debug|x86.ActiveCfg = Debug|Any CPU
		{1580BC15-49F9-4FEE-BFD4-3D82A9EAEF37}.Debug|x86.Build.0 = Debug|Any CPU
		{1580BC15-49F9-4FEE-BFD4-3D82A9EAEF37}.Release|Any CPU.ActiveCfg = Release|Any CPU
		{1580BC15-49F9-4FEE-BFD4-3D82A9EAEF37}.Release|Any CPU.Build.0 = Release|Any CPU
		{1580BC15-49F9-4FEE-BFD4-3D82A9EAEF37}.Release|x64.ActiveCfg = Release|Any CPU
		{1580BC15-49F9-4FEE-BFD4-3D82A9EAEF37}.Release|x64.Build.0 = Release|Any CPU
		{1580BC15-49F9-4FEE-BFD4-3D82A9EAEF37}.Release|x86.ActiveCfg = Release|Any CPU
		{1580BC15-49F9-4FEE-BFD4-3D82A9EAEF37}.Release|x86.Build.0 = Release|Any CPU
		{B281FD74-7B56-42F4-9C47-19259BE568A5}.Debug|Any CPU.ActiveCfg = Debug|Any CPU
		{B281FD74-7B56-42F4-9C47-19259BE568A5}.Debug|Any CPU.Build.0 = Debug|Any CPU
		{B281FD74-7B56-42F4-9C47-19259BE568A5}.Debug|x64.ActiveCfg = Debug|Any CPU
		{B281FD74-7B56-42F4-9C47-19259BE568A5}.Debug|x64.Build.0 = Debug|Any CPU
		{B281FD74-7B56-42F4-9C47-19259BE568A5}.Debug|x86.ActiveCfg = Debug|Any CPU
		{B281FD74-7B56-42F4-9C47-19259BE568A5}.Debug|x86.Build.0 = Debug|Any CPU
		{B281FD74-7B56-42F4-9C47-19259BE568A5}.Release|Any CPU.ActiveCfg = Release|Any CPU
		{B281FD74-7B56-42F4-9C47-19259BE568A5}.Release|Any CPU.Build.0 = Release|Any CPU
		{B281FD74-7B56-42F4-9C47-19259BE568A5}.Release|x64.ActiveCfg = Release|Any CPU
		{B281FD74-7B56-42F4-9C47-19259BE568A5}.Release|x64.Build.0 = Release|Any CPU
		{B281FD74-7B56-42F4-9C47-19259BE568A5}.Release|x86.ActiveCfg = Release|Any CPU
		{B281FD74-7B56-42F4-9C47-19259BE568A5}.Release|x86.Build.0 = Release|Any CPU
		{6E670DA3-1265-4E22-9706-B02C1CCF3B37}.Debug|Any CPU.ActiveCfg = Debug|Any CPU
		{6E670DA3-1265-4E22-9706-B02C1CCF3B37}.Debug|Any CPU.Build.0 = Debug|Any CPU
		{6E670DA3-1265-4E22-9706-B02C1CCF3B37}.Debug|x64.ActiveCfg = Debug|Any CPU
		{6E670DA3-1265-4E22-9706-B02C1CCF3B37}.Debug|x64.Build.0 = Debug|Any CPU
		{6E670DA3-1265-4E22-9706-B02C1CCF3B37}.Debug|x86.ActiveCfg = Debug|Any CPU
		{6E670DA3-1265-4E22-9706-B02C1CCF3B37}.Debug|x86.Build.0 = Debug|Any CPU
		{6E670DA3-1265-4E22-9706-B02C1CCF3B37}.Release|Any CPU.ActiveCfg = Release|Any CPU
		{6E670DA3-1265-4E22-9706-B02C1CCF3B37}.Release|Any CPU.Build.0 = Release|Any CPU
		{6E670DA3-1265-4E22-9706-B02C1CCF3B37}.Release|x64.ActiveCfg = Release|Any CPU
		{6E670DA3-1265-4E22-9706-B02C1CCF3B37}.Release|x64.Build.0 = Release|Any CPU
		{6E670DA3-1265-4E22-9706-B02C1CCF3B37}.Release|x86.ActiveCfg = Release|Any CPU
		{6E670DA3-1265-4E22-9706-B02C1CCF3B37}.Release|x86.Build.0 = Release|Any CPU
		{9ECEF090-90AC-42F0-8CA4-602AC124A6C5}.Debug|Any CPU.ActiveCfg = Debug|Any CPU
		{9ECEF090-90AC-42F0-8CA4-602AC124A6C5}.Debug|Any CPU.Build.0 = Debug|Any CPU
		{9ECEF090-90AC-42F0-8CA4-602AC124A6C5}.Debug|x64.ActiveCfg = Debug|Any CPU
		{9ECEF090-90AC-42F0-8CA4-602AC124A6C5}.Debug|x64.Build.0 = Debug|Any CPU
		{9ECEF090-90AC-42F0-8CA4-602AC124A6C5}.Debug|x86.ActiveCfg = Debug|Any CPU
		{9ECEF090-90AC-42F0-8CA4-602AC124A6C5}.Debug|x86.Build.0 = Debug|Any CPU
		{9ECEF090-90AC-42F0-8CA4-602AC124A6C5}.Release|Any CPU.ActiveCfg = Release|Any CPU
		{9ECEF090-90AC-42F0-8CA4-602AC124A6C5}.Release|Any CPU.Build.0 = Release|Any CPU
		{9ECEF090-90AC-42F0-8CA4-602AC124A6C5}.Release|x64.ActiveCfg = Release|Any CPU
		{9ECEF090-90AC-42F0-8CA4-602AC124A6C5}.Release|x64.Build.0 = Release|Any CPU
		{9ECEF090-90AC-42F0-8CA4-602AC124A6C5}.Release|x86.ActiveCfg = Release|Any CPU
		{9ECEF090-90AC-42F0-8CA4-602AC124A6C5}.Release|x86.Build.0 = Release|Any CPU
		{9E030BFB-501F-41FB-A4FB-5CE56DD6C329}.Debug|Any CPU.ActiveCfg = Debug|Any CPU
		{9E030BFB-501F-41FB-A4FB-5CE56DD6C329}.Debug|Any CPU.Build.0 = Debug|Any CPU
		{9E030BFB-501F-41FB-A4FB-5CE56DD6C329}.Debug|x64.ActiveCfg = Debug|Any CPU
		{9E030BFB-501F-41FB-A4FB-5CE56DD6C329}.Debug|x64.Build.0 = Debug|Any CPU
		{9E030BFB-501F-41FB-A4FB-5CE56DD6C329}.Debug|x86.ActiveCfg = Debug|Any CPU
		{9E030BFB-501F-41FB-A4FB-5CE56DD6C329}.Debug|x86.Build.0 = Debug|Any CPU
		{9E030BFB-501F-41FB-A4FB-5CE56DD6C329}.Release|Any CPU.ActiveCfg = Release|Any CPU
		{9E030BFB-501F-41FB-A4FB-5CE56DD6C329}.Release|Any CPU.Build.0 = Release|Any CPU
		{9E030BFB-501F-41FB-A4FB-5CE56DD6C329}.Release|x64.ActiveCfg = Release|Any CPU
		{9E030BFB-501F-41FB-A4FB-5CE56DD6C329}.Release|x64.Build.0 = Release|Any CPU
		{9E030BFB-501F-41FB-A4FB-5CE56DD6C329}.Release|x86.ActiveCfg = Release|Any CPU
		{9E030BFB-501F-41FB-A4FB-5CE56DD6C329}.Release|x86.Build.0 = Release|Any CPU
	EndGlobalSection
	GlobalSection(SolutionProperties) = preSolution
		HideSolutionNode = FALSE
	EndGlobalSection
	GlobalSection(NestedProjects) = preSolution
		{4A9524D8-745F-4E9C-84A5-E61F1F06F1E6} = {827E0CD3-B72D-47B6-A68D-7590B98EB39B}
		{C3D0F678-4CC3-44C7-89DA-97406B1DF40C} = {827E0CD3-B72D-47B6-A68D-7590B98EB39B}
		{7A5AE2AF-2903-4C9E-966A-229E04B1711A} = {827E0CD3-B72D-47B6-A68D-7590B98EB39B}
		{1580BC15-49F9-4FEE-BFD4-3D82A9EAEF37} = {0AB3BF05-4346-4AA6-1389-037BE0695223}
		{B281FD74-7B56-42F4-9C47-19259BE568A5} = {0AB3BF05-4346-4AA6-1389-037BE0695223}
		{6E670DA3-1265-4E22-9706-B02C1CCF3B37} = {0AB3BF05-4346-4AA6-1389-037BE0695223}
		{9ECEF090-90AC-42F0-8CA4-602AC124A6C5} = {0AB3BF05-4346-4AA6-1389-037BE0695223}
		{9E030BFB-501F-41FB-A4FB-5CE56DD6C329} = {827E0CD3-B72D-47B6-A68D-7590B98EB39B}
	EndGlobalSection
EndGlobal
